// !$*UTF8*$!
{
	archiveVersion = 1;
	classes = {
	};
	objectVersion = 56;
	objects = {

/* Begin PBXBuildFile section */
		B24DBA5B29AF7F820021B2E9 /* iPhone_SwiftUI_CombineApp.swift in Sources */ = {isa = PBXBuildFile; fileRef = B24DBA5A29AF7F820021B2E9 /* iPhone_SwiftUI_CombineApp.swift */; };
		B24DBA5D29AF7F820021B2E9 /* ContentView.swift in Sources */ = {isa = PBXBuildFile; fileRef = B24DBA5C29AF7F820021B2E9 /* ContentView.swift */; };
		B24DBA5F29AF7F840021B2E9 /* Assets.xcassets in Resources */ = {isa = PBXBuildFile; fileRef = B24DBA5E29AF7F840021B2E9 /* Assets.xcassets */; };
		B24DBA6229AF7F840021B2E9 /* Preview Assets.xcassets in Resources */ = {isa = PBXBuildFile; fileRef = B24DBA6129AF7F840021B2E9 /* Preview Assets.xcassets */; };
		B24DBA7D29AFCEEA0021B2E9 /* ProductionCountries.swift in Sources */ = {isa = PBXBuildFile; fileRef = B24DBA7829AFCEEA0021B2E9 /* ProductionCountries.swift */; };
		B24DBA7E29AFCEEA0021B2E9 /* Genres.swift in Sources */ = {isa = PBXBuildFile; fileRef = B24DBA7929AFCEEA0021B2E9 /* Genres.swift */; };
		B24DBA7F29AFCEEA0021B2E9 /* SpokenLanguages.swift in Sources */ = {isa = PBXBuildFile; fileRef = B24DBA7A29AFCEEA0021B2E9 /* SpokenLanguages.swift */; };
		B24DBA8029AFCEEA0021B2E9 /* ProductionCompanies.swift in Sources */ = {isa = PBXBuildFile; fileRef = B24DBA7B29AFCEEA0021B2E9 /* ProductionCompanies.swift */; };
		B24DBA8129AFCEEA0021B2E9 /* Model.swift in Sources */ = {isa = PBXBuildFile; fileRef = B24DBA7C29AFCEEA0021B2E9 /* Model.swift */; };
		B24DBA8329AFD4490021B2E9 /* MovieService.swift in Sources */ = {isa = PBXBuildFile; fileRef = B24DBA8229AFD4490021B2E9 /* MovieService.swift */; };
		B24DBAA129AFDF4F0021B2E9 /* MovieCollectionView.swift in Sources */ = {isa = PBXBuildFile; fileRef = B24DBAA029AFDF4F0021B2E9 /* MovieCollectionView.swift */; };
		B24DBAA329AFDF900021B2E9 /* MovieCell.swift in Sources */ = {isa = PBXBuildFile; fileRef = B24DBAA229AFDF900021B2E9 /* MovieCell.swift */; };
		B24DBAA529AFE0750021B2E9 /* Movie.swift in Sources */ = {isa = PBXBuildFile; fileRef = B24DBAA429AFE0750021B2E9 /* Movie.swift */; };
		B24DBAAE29B015500021B2E9 /* README.md in Resources */ = {isa = PBXBuildFile; fileRef = B24DBAAD29B015500021B2E9 /* README.md */; };
		B24DBAB029B019CA0021B2E9 /* ContentViewModel.swift in Sources */ = {isa = PBXBuildFile; fileRef = B24DBAAF29B019CA0021B2E9 /* ContentViewModel.swift */; };
/* End PBXBuildFile section */

/* Begin PBXFileReference section */
		B24DBA5729AF7F820021B2E9 /* iPhone+SwiftUI+Combine.app */ = {isa = PBXFileReference; explicitFileType = wrapper.application; includeInIndex = 0; path = "iPhone+SwiftUI+Combine.app"; sourceTree = BUILT_PRODUCTS_DIR; };
		B24DBA5A29AF7F820021B2E9 /* iPhone_SwiftUI_CombineApp.swift */ = {isa = PBXFileReference; lastKnownFileType = sourcecode.swift; path = iPhone_SwiftUI_CombineApp.swift; sourceTree = "<group>"; };
		B24DBA5C29AF7F820021B2E9 /* ContentView.swift */ = {isa = PBXFileReference; lastKnownFileType = sourcecode.swift; path = ContentView.swift; sourceTree = "<group>"; };
		B24DBA5E29AF7F840021B2E9 /* Assets.xcassets */ = {isa = PBXFileReference; lastKnownFileType = folder.assetcatalog; path = Assets.xcassets; sourceTree = "<group>"; };
		B24DBA6129AF7F840021B2E9 /* Preview Assets.xcassets */ = {isa = PBXFileReference; lastKnownFileType = folder.assetcatalog; path = "Preview Assets.xcassets"; sourceTree = "<group>"; };
		B24DBA7829AFCEEA0021B2E9 /* ProductionCountries.swift */ = {isa = PBXFileReference; fileEncoding = 4; lastKnownFileType = sourcecode.swift; path = ProductionCountries.swift; sourceTree = "<group>"; };
		B24DBA7929AFCEEA0021B2E9 /* Genres.swift */ = {isa = PBXFileReference; fileEncoding = 4; lastKnownFileType = sourcecode.swift; path = Genres.swift; sourceTree = "<group>"; };
		B24DBA7A29AFCEEA0021B2E9 /* SpokenLanguages.swift */ = {isa = PBXFileReference; fileEncoding = 4; lastKnownFileType = sourcecode.swift; path = SpokenLanguages.swift; sourceTree = "<group>"; };
		B24DBA7B29AFCEEA0021B2E9 /* ProductionCompanies.swift */ = {isa = PBXFileReference; fileEncoding = 4; lastKnownFileType = sourcecode.swift; path = ProductionCompanies.swift; sourceTree = "<group>"; };
		B24DBA7C29AFCEEA0021B2E9 /* Model.swift */ = {isa = PBXFileReference; fileEncoding = 4; lastKnownFileType = sourcecode.swift; path = Model.swift; sourceTree = "<group>"; };
		B24DBA8229AFD4490021B2E9 /* MovieService.swift */ = {isa = PBXFileReference; lastKnownFileType = sourcecode.swift; path = MovieService.swift; sourceTree = "<group>"; };
		B24DBAA029AFDF4F0021B2E9 /* MovieCollectionView.swift */ = {isa = PBXFileReference; lastKnownFileType = sourcecode.swift; path = MovieCollectionView.swift; sourceTree = "<group>"; };
		B24DBAA229AFDF900021B2E9 /* MovieCell.swift */ = {isa = PBXFileReference; lastKnownFileType = sourcecode.swift; path = MovieCell.swift; sourceTree = "<group>"; };
		B24DBAA429AFE0750021B2E9 /* Movie.swift */ = {isa = PBXFileReference; lastKnownFileType = sourcecode.swift; path = Movie.swift; sourceTree = "<group>"; };
		B24DBAAD29B015500021B2E9 /* README.md */ = {isa = PBXFileReference; lastKnownFileType = net.daringfireball.markdown; path = README.md; sourceTree = "<group>"; };
		B24DBAAF29B019CA0021B2E9 /* ContentViewModel.swift */ = {isa = PBXFileReference; lastKnownFileType = sourcecode.swift; path = ContentViewModel.swift; sourceTree = "<group>"; };
/* End PBXFileReference section */

/* Begin PBXFrameworksBuildPhase section */
		B24DBA5429AF7F820021B2E9 /* Frameworks */ = {
			isa = PBXFrameworksBuildPhase;
			buildActionMask = 2147483647;
			files = (
			);
			runOnlyForDeploymentPostprocessing = 0;
		};
/* End PBXFrameworksBuildPhase section */

/* Begin PBXGroup section */
		B24DBA4E29AF7F820021B2E9 = {
			isa = PBXGroup;
			children = (
				B24DBA5929AF7F820021B2E9 /* iPhone+SwiftUI+Combine */,
				B24DBA5829AF7F820021B2E9 /* Products */,
			);
			sourceTree = "<group>";
		};
		B24DBA5829AF7F820021B2E9 /* Products */ = {
			isa = PBXGroup;
			children = (
				B24DBA5729AF7F820021B2E9 /* iPhone+SwiftUI+Combine.app */,
			);
			name = Products;
			sourceTree = "<group>";
		};
		B24DBA5929AF7F820021B2E9 /* iPhone+SwiftUI+Combine */ = {
			isa = PBXGroup;
			children = (
				B24DBA5A29AF7F820021B2E9 /* iPhone_SwiftUI_CombineApp.swift */,
				B24DBAA929B00E6B0021B2E9 /* ViewController */,
				B24DBAA729B00E320021B2E9 /* ViewModel */,
				B24DBAA629B00E1C0021B2E9 /* Model */,
				B24DBAA829B00E560021B2E9 /* Service */,
				B24DBA5E29AF7F840021B2E9 /* Assets.xcassets */,
				B24DBAAD29B015500021B2E9 /* README.md */,
				B24DBA6029AF7F840021B2E9 /* Preview Content */,
			);
			path = "iPhone+SwiftUI+Combine";
			sourceTree = "<group>";
		};
		B24DBA6029AF7F840021B2E9 /* Preview Content */ = {
			isa = PBXGroup;
			children = (
				B24DBA6129AF7F840021B2E9 /* Preview Assets.xcassets */,
			);
			path = "Preview Content";
			sourceTree = "<group>";
		};
		B24DBAA629B00E1C0021B2E9 /* Model */ = {
			isa = PBXGroup;
			children = (
				B24DBAA429AFE0750021B2E9 /* Movie.swift */,
				B24DBA7A29AFCEEA0021B2E9 /* SpokenLanguages.swift */,
				B24DBA7929AFCEEA0021B2E9 /* Genres.swift */,
				B24DBA7C29AFCEEA0021B2E9 /* Model.swift */,
				B24DBA7B29AFCEEA0021B2E9 /* ProductionCompanies.swift */,
				B24DBA7829AFCEEA0021B2E9 /* ProductionCountries.swift */,
			);
			path = Model;
			sourceTree = "<group>";
		};
		B24DBAA729B00E320021B2E9 /* ViewModel */ = {
			isa = PBXGroup;
			children = (
				B24DBAAF29B019CA0021B2E9 /* ContentViewModel.swift */,
			);
			path = ViewModel;
			sourceTree = "<group>";
		};
		B24DBAA829B00E560021B2E9 /* Service */ = {
			isa = PBXGroup;
			children = (
				B24DBA8229AFD4490021B2E9 /* MovieService.swift */,
			);
			path = Service;
			sourceTree = "<group>";
		};
		B24DBAA929B00E6B0021B2E9 /* ViewController */ = {
			isa = PBXGroup;
			children = (
				B24DBAA229AFDF900021B2E9 /* MovieCell.swift */,
				B24DBA5C29AF7F820021B2E9 /* ContentView.swift */,
				B24DBAA029AFDF4F0021B2E9 /* MovieCollectionView.swift */,
			);
			path = ViewController;
			sourceTree = "<group>";
		};
/* End PBXGroup section */

/* Begin PBXNativeTarget section */
		B24DBA5629AF7F820021B2E9 /* iPhone+SwiftUI+Combine */ = {
			isa = PBXNativeTarget;
			buildConfigurationList = B24DBA6529AF7F840021B2E9 /* Build configuration list for PBXNativeTarget "iPhone+SwiftUI+Combine" */;
			buildPhases = (
				B24DBA5329AF7F820021B2E9 /* Sources */,
				B24DBA5429AF7F820021B2E9 /* Frameworks */,
				B24DBA5529AF7F820021B2E9 /* Resources */,
			);
			buildRules = (
			);
			dependencies = (
			);
			name = "iPhone+SwiftUI+Combine";
			productName = "iPhone+SwiftUI+Combine";
			productReference = B24DBA5729AF7F820021B2E9 /* iPhone+SwiftUI+Combine.app */;
			productType = "com.apple.product-type.application";
		};
/* End PBXNativeTarget section */

/* Begin PBXProject section */
		B24DBA4F29AF7F820021B2E9 /* Project object */ = {
			isa = PBXProject;
			attributes = {
				BuildIndependentTargetsInParallel = 1;
				LastSwiftUpdateCheck = 1400;
				LastUpgradeCheck = 1400;
				TargetAttributes = {
					B24DBA5629AF7F820021B2E9 = {
						CreatedOnToolsVersion = 14.0;
					};
				};
			};
			buildConfigurationList = B24DBA5229AF7F820021B2E9 /* Build configuration list for PBXProject "iPhone+SwiftUI+Combine" */;
			compatibilityVersion = "Xcode 14.0";
			developmentRegion = en;
			hasScannedForEncodings = 0;
			knownRegions = (
				en,
				Base,
			);
			mainGroup = B24DBA4E29AF7F820021B2E9;
			productRefGroup = B24DBA5829AF7F820021B2E9 /* Products */;
			projectDirPath = "";
			projectRoot = "";
			targets = (
				B24DBA5629AF7F820021B2E9 /* iPhone+SwiftUI+Combine */,
			);
		};
/* End PBXProject section */

/* Begin PBXResourcesBuildPhase section */
		B24DBA5529AF7F820021B2E9 /* Resources */ = {
			isa = PBXResourcesBuildPhase;
			buildActionMask = 2147483647;
			files = (
				B24DBAAE29B015500021B2E9 /* README.md in Resources */,
				B24DBA6229AF7F840021B2E9 /* Preview Assets.xcassets in Resources */,
				B24DBA5F29AF7F840021B2E9 /* Assets.xcassets in Resources */,
			);
			runOnlyForDeploymentPostprocessing = 0;
		};
/* End PBXResourcesBuildPhase section */

/* Begin PBXSourcesBuildPhase section */
		B24DBA5329AF7F820021B2E9 /* Sources */ = {
			isa = PBXSourcesBuildPhase;
			buildActionMask = 2147483647;
			files = (
				B24DBA8129AFCEEA0021B2E9 /* Model.swift in Sources */,
				B24DBA7D29AFCEEA0021B2E9 /* ProductionCountries.swift in Sources */,
				B24DBA5D29AF7F820021B2E9 /* ContentView.swift in Sources */,
				B24DBA5B29AF7F820021B2E9 /* iPhone_SwiftUI_CombineApp.swift in Sources */,
				B24DBA7E29AFCEEA0021B2E9 /* Genres.swift in Sources */,
				B24DBAA129AFDF4F0021B2E9 /* MovieCollectionView.swift in Sources */,
				B24DBA8029AFCEEA0021B2E9 /* ProductionCompanies.swift in Sources */,
				B24DBA8329AFD4490021B2E9 /* MovieService.swift in Sources */,
				B24DBAB029B019CA0021B2E9 /* ContentViewModel.swift in Sources */,
				B24DBAA329AFDF900021B2E9 /* MovieCell.swift in Sources */,
				B24DBAA529AFE0750021B2E9 /* Movie.swift in Sources */,
				B24DBA7F29AFCEEA0021B2E9 /* SpokenLanguages.swift in Sources */,
			);
			runOnlyForDeploymentPostprocessing = 0;
		};
/* End PBXSourcesBuildPhase section */

/* Begin XCBuildConfiguration section */
		B24DBA6329AF7F840021B2E9 /* Debug */ = {
			isa = XCBuildConfiguration;
			buildSettings = {
				ALWAYS_SEARCH_USER_PATHS = NO;
				CLANG_ANALYZER_NONNULL = YES;
				CLANG_ANALYZER_NUMBER_OBJECT_CONVERSION = YES_AGGRESSIVE;
				CLANG_CXX_LANGUAGE_STANDARD = "gnu++20";
				CLANG_ENABLE_MODULES = YES;
				CLANG_ENABLE_OBJC_ARC = YES;
				CLANG_ENABLE_OBJC_WEAK = YES;
				CLANG_WARN_BLOCK_CAPTURE_AUTORELEASING = YES;
				CLANG_WARN_BOOL_CONVERSION = YES;
				CLANG_WARN_COMMA = YES;
				CLANG_WARN_CONSTANT_CONVERSION = YES;
				CLANG_WARN_DEPRECATED_OBJC_IMPLEMENTATIONS = YES;
				CLANG_WARN_DIRECT_OBJC_ISA_USAGE = YES_ERROR;
				CLANG_WARN_DOCUMENTATION_COMMENTS = YES;
				CLANG_WARN_EMPTY_BODY = YES;
				CLANG_WARN_ENUM_CONVERSION = YES;
				CLANG_WARN_INFINITE_RECURSION = YES;
				CLANG_WARN_INT_CONVERSION = YES;
				CLANG_WARN_NON_LITERAL_NULL_CONVERSION = YES;
				CLANG_WARN_OBJC_IMPLICIT_RETAIN_SELF = YES;
				CLANG_WARN_OBJC_LITERAL_CONVERSION = YES;
				CLANG_WARN_OBJC_ROOT_CLASS = YES_ERROR;
				CLANG_WARN_QUOTED_INCLUDE_IN_FRAMEWORK_HEADER = YES;
				CLANG_WARN_RANGE_LOOP_ANALYSIS = YES;
				CLANG_WARN_STRICT_PROTOTYPES = YES;
				CLANG_WARN_SUSPICIOUS_MOVE = YES;
				CLANG_WARN_UNGUARDED_AVAILABILITY = YES_AGGRESSIVE;
				CLANG_WARN_UNREACHABLE_CODE = YES;
				CLANG_WARN__DUPLICATE_METHOD_MATCH = YES;
				COPY_PHASE_STRIP = NO;
				DEBUG_INFORMATION_FORMAT = dwarf;
				ENABLE_STRICT_OBJC_MSGSEND = YES;
				ENABLE_TESTABILITY = YES;
				GCC_C_LANGUAGE_STANDARD = gnu11;
				GCC_DYNAMIC_NO_PIC = NO;
				GCC_NO_COMMON_BLOCKS = YES;
				GCC_OPTIMIZATION_LEVEL = 0;
				GCC_PREPROCESSOR_DEFINITIONS = (
					"DEBUG=1",
					"$(inherited)",
				);
				GCC_WARN_64_TO_32_BIT_CONVERSION = YES;
				GCC_WARN_ABOUT_RETURN_TYPE = YES_ERROR;
				GCC_WARN_UNDECLARED_SELECTOR = YES;
				GCC_WARN_UNINITIALIZED_AUTOS = YES_AGGRESSIVE;
				GCC_WARN_UNUSED_FUNCTION = YES;
				GCC_WARN_UNUSED_VARIABLE = YES;
				IPHONEOS_DEPLOYMENT_TARGET = 16.0;
				MTL_ENABLE_DEBUG_INFO = INCLUDE_SOURCE;
				MTL_FAST_MATH = YES;
				ONLY_ACTIVE_ARCH = YES;
				SDKROOT = iphoneos;
				SWIFT_ACTIVE_COMPILATION_CONDITIONS = DEBUG;
				SWIFT_OPTIMIZATION_LEVEL = "-Onone";
			};
			name = Debug;
		};
		B24DBA6429AF7F840021B2E9 /* Release */ = {
			isa = XCBuildConfiguration;
			buildSettings = {
				ALWAYS_SEARCH_USER_PATHS = NO;
				CLANG_ANALYZER_NONNULL = YES;
				CLANG_ANALYZER_NUMBER_OBJECT_CONVERSION = YES_AGGRESSIVE;
				CLANG_CXX_LANGUAGE_STANDARD = "gnu++20";
				CLANG_ENABLE_MODULES = YES;
				CLANG_ENABLE_OBJC_ARC = YES;
				CLANG_ENABLE_OBJC_WEAK = YES;
				CLANG_WARN_BLOCK_CAPTURE_AUTORELEASING = YES;
				CLANG_WARN_BOOL_CONVERSION = YES;
				CLANG_WARN_COMMA = YES;
				CLANG_WARN_CONSTANT_CONVERSION = YES;
				CLANG_WARN_DEPRECATED_OBJC_IMPLEMENTATIONS = YES;
				CLANG_WARN_DIRECT_OBJC_ISA_USAGE = YES_ERROR;
				CLANG_WARN_DOCUMENTATION_COMMENTS = YES;
				CLANG_WARN_EMPTY_BODY = YES;
				CLANG_WARN_ENUM_CONVERSION = YES;
				CLANG_WARN_INFINITE_RECURSION = YES;
				CLANG_WARN_INT_CONVERSION = YES;
				CLANG_WARN_NON_LITERAL_NULL_CONVERSION = YES;
				CLANG_WARN_OBJC_IMPLICIT_RETAIN_SELF = YES;
				CLANG_WARN_OBJC_LITERAL_CONVERSION = YES;
				CLANG_WARN_OBJC_ROOT_CLASS = YES_ERROR;
				CLANG_WARN_QUOTED_INCLUDE_IN_FRAMEWORK_HEADER = YES;
				CLANG_WARN_RANGE_LOOP_ANALYSIS = YES;
				CLANG_WARN_STRICT_PROTOTYPES = YES;
				CLANG_WARN_SUSPICIOUS_MOVE = YES;
				CLANG_WARN_UNGUARDED_AVAILABILITY = YES_AGGRESSIVE;
				CLANG_WARN_UNREACHABLE_CODE = YES;
				CLANG_WARN__DUPLICATE_METHOD_MATCH = YES;
				COPY_PHASE_STRIP = NO;
				DEBUG_INFORMATION_FORMAT = "dwarf-with-dsym";
				ENABLE_NS_ASSERTIONS = NO;
				ENABLE_STRICT_OBJC_MSGSEND = YES;
				GCC_C_LANGUAGE_STANDARD = gnu11;
				GCC_NO_COMMON_BLOCKS = YES;
				GCC_WARN_64_TO_32_BIT_CONVERSION = YES;
				GCC_WARN_ABOUT_RETURN_TYPE = YES_ERROR;
				GCC_WARN_UNDECLARED_SELECTOR = YES;
				GCC_WARN_UNINITIALIZED_AUTOS = YES_AGGRESSIVE;
				GCC_WARN_UNUSED_FUNCTION = YES;
				GCC_WARN_UNUSED_VARIABLE = YES;
				IPHONEOS_DEPLOYMENT_TARGET = 16.0;
				MTL_ENABLE_DEBUG_INFO = NO;
				MTL_FAST_MATH = YES;
				SDKROOT = iphoneos;
				SWIFT_COMPILATION_MODE = wholemodule;
				SWIFT_OPTIMIZATION_LEVEL = "-O";
				VALIDATE_PRODUCT = YES;
			};
			name = Release;
		};
		B24DBA6629AF7F840021B2E9 /* Debug */ = {
			isa = XCBuildConfiguration;
			buildSettings = {
				ASSETCATALOG_COMPILER_APPICON_NAME = AppIcon;
				ASSETCATALOG_COMPILER_GLOBAL_ACCENT_COLOR_NAME = AccentColor;
				CODE_SIGN_STYLE = Automatic;
				CURRENT_PROJECT_VERSION = 1;
				DEVELOPMENT_ASSET_PATHS = "\"iPhone+SwiftUI+Combine/Preview Content\"";
				DEVELOPMENT_TEAM = RVUFYQ6N85;
				ENABLE_PREVIEWS = YES;
				GENERATE_INFOPLIST_FILE = YES;
				INFOPLIST_KEY_UIApplicationSceneManifest_Generation = YES;
				INFOPLIST_KEY_UIApplicationSupportsIndirectInputEvents = YES;
				INFOPLIST_KEY_UILaunchScreen_Generation = YES;
				INFOPLIST_KEY_UISupportedInterfaceOrientations_iPad = "UIInterfaceOrientationPortrait UIInterfaceOrientationPortraitUpsideDown UIInterfaceOrientationLandscapeLeft UIInterfaceOrientationLandscapeRight";
				INFOPLIST_KEY_UISupportedInterfaceOrientations_iPhone = "UIInterfaceOrientationPortrait UIInterfaceOrientationLandscapeLeft UIInterfaceOrientationLandscapeRight";
				LD_RUNPATH_SEARCH_PATHS = (
					"$(inherited)",
					"@executable_path/Frameworks",
				);
				MARKETING_VERSION = 1.0;
				PRODUCT_BUNDLE_IDENTIFIER = "KOVIGROUP.iPhone-SwiftUI-Combine";
				PRODUCT_NAME = "$(TARGET_NAME)";
				SWIFT_EMIT_LOC_STRINGS = YES;
				SWIFT_VERSION = 5.0;
				TARGETED_DEVICE_FAMILY = "1,2";
			};
			name = Debug;
		};
		B24DBA6729AF7F840021B2E9 /* Release */ = {
			isa = XCBuildConfiguration;
			buildSettings = {
				ASSETCATALOG_COMPILER_APPICON_NAME = AppIcon;
				ASSETCATALOG_COMPILER_GLOBAL_ACCENT_COLOR_NAME = AccentColor;
				CODE_SIGN_STYLE = Automatic;
				CURRENT_PROJECT_VERSION = 1;
				DEVELOPMENT_ASSET_PATHS = "\"iPhone+SwiftUI+Combine/Preview Content\"";
				DEVELOPMENT_TEAM = RVUFYQ6N85;
				ENABLE_PREVIEWS = YES;
				GENERATE_INFOPLIST_FILE = YES;
				INFOPLIST_KEY_UIApplicationSceneManifest_Generation = YES;
				INFOPLIST_KEY_UIApplicationSupportsIndirectInputEvents = YES;
				INFOPLIST_KEY_UILaunchScreen_Generation = YES;
				INFOPLIST_KEY_UISupportedInterfaceOrientations_iPad = "UIInterfaceOrientationPortrait UIInterfaceOrientationPortraitUpsideDown UIInterfaceOrientationLandscapeLeft UIInterfaceOrientationLandscapeRight";
				INFOPLIST_KEY_UISupportedInterfaceOrientations_iPhone = "UIInterfaceOrientationPortrait UIInterfaceOrientationLandscapeLeft UIInterfaceOrientationLandscapeRight";
				LD_RUNPATH_SEARCH_PATHS = (
					"$(inherited)",
					"@executable_path/Frameworks",
				);
				MARKETING_VERSION = 1.0;
				PRODUCT_BUNDLE_IDENTIFIER = "KOVIGROUP.iPhone-SwiftUI-Combine";
				PRODUCT_NAME = "$(TARGET_NAME)";
				SWIFT_EMIT_LOC_STRINGS = YES;
				SWIFT_VERSION = 5.0;
				TARGETED_DEVICE_FAMILY = "1,2";
			};
			name = Release;
		};
/* End XCBuildConfiguration section */

/* Begin XCConfigurationList section */
		B24DBA5229AF7F820021B2E9 /* Build configuration list for PBXProject "iPhone+SwiftUI+Combine" */ = {
			isa = XCConfigurationList;
			buildConfigurations = (
				B24DBA6329AF7F840021B2E9 /* Debug */,
				B24DBA6429AF7F840021B2E9 /* Release */,
			);
			defaultConfigurationIsVisible = 0;
			defaultConfigurationName = Release;
		};
		B24DBA6529AF7F840021B2E9 /* Build configuration list for PBXNativeTarget "iPhone+SwiftUI+Combine" */ = {
			isa = XCConfigurationList;
			buildConfigurations = (
				B24DBA6629AF7F840021B2E9 /* Debug */,
				B24DBA6729AF7F840021B2E9 /* Release */,
			);
			defaultConfigurationIsVisible = 0;
			defaultConfigurationName = Release;
		};
/* End XCConfigurationList section */
	};
	rootObject = B24DBA4F29AF7F820021B2E9 /* Project object */;
}
